// !$*UTF8*$!
{
	archiveVersion = 1;
	classes = {
	};
	objectVersion = 46;
	objects = {

/* Begin PBXBuildFile section */
		607458081CAB68AE006A7574 /* NYTRealPhoto.m in Sources */ = {isa = PBXBuildFile; fileRef = 607458071CAB68AE006A7574 /* NYTRealPhoto.m */; };
		607C4C611CA7ACE00036BC82 /* NoteTVCModel.m in Sources */ = {isa = PBXBuildFile; fileRef = 607C4C601CA7ACE00036BC82 /* NoteTVCModel.m */; };
		607C4C661CA7B9C40036BC82 /* UISplitViewController+ChildrenAccess.m in Sources */ = {isa = PBXBuildFile; fileRef = 607C4C651CA7B9C40036BC82 /* UISplitViewController+ChildrenAccess.m */; };
		60837E391CA95B4800DC6A94 /* DataManager.m in Sources */ = {isa = PBXBuildFile; fileRef = 60837E381CA95B4800DC6A94 /* DataManager.m */; };
		60837E3C1CA96C6D00DC6A94 /* ImageListView.m in Sources */ = {isa = PBXBuildFile; fileRef = 60837E3B1CA96C6D00DC6A94 /* ImageListView.m */; };
		60837E411CA970D200DC6A94 /* ImageListCell.m in Sources */ = {isa = PBXBuildFile; fileRef = 60837E401CA970D200DC6A94 /* ImageListCell.m */; };
		60837E431CA970E300DC6A94 /* ImageListCell.xib in Resources */ = {isa = PBXBuildFile; fileRef = 60837E421CA970E300DC6A94 /* ImageListCell.xib */; };
		60887BCE1CA67FEE000A09F8 /* main.m in Sources */ = {isa = PBXBuildFile; fileRef = 60887BCD1CA67FEE000A09F8 /* main.m */; };
		60887BD11CA67FEE000A09F8 /* AppDelegate.m in Sources */ = {isa = PBXBuildFile; fileRef = 60887BD01CA67FEE000A09F8 /* AppDelegate.m */; };
		60887BD41CA67FEE000A09F8 /* SingleNoteVC.m in Sources */ = {isa = PBXBuildFile; fileRef = 60887BD31CA67FEE000A09F8 /* SingleNoteVC.m */; };
		60887BD71CA67FEE000A09F8 /* Main.storyboard in Resources */ = {isa = PBXBuildFile; fileRef = 60887BD51CA67FEE000A09F8 /* Main.storyboard */; };
		60887BDC1CA67FEE000A09F8 /* Assets.xcassets in Resources */ = {isa = PBXBuildFile; fileRef = 60887BDB1CA67FEE000A09F8 /* Assets.xcassets */; };
		60887BDF1CA67FEE000A09F8 /* LaunchScreen.storyboard in Resources */ = {isa = PBXBuildFile; fileRef = 60887BDD1CA67FEE000A09F8 /* LaunchScreen.storyboard */; };
		60887BEC1CA68B28000A09F8 /* SimpleNotes.xcdatamodeld in Sources */ = {isa = PBXBuildFile; fileRef = 60887BEA1CA68B28000A09F8 /* SimpleNotes.xcdatamodeld */; };
		60887BF31CA6C0D0000A09F8 /* NotesListVC.m in Sources */ = {isa = PBXBuildFile; fileRef = 60887BF11CA6C0D0000A09F8 /* NotesListVC.m */; };
		60887BF41CA6C0D0000A09F8 /* NotesListVC.xib in Resources */ = {isa = PBXBuildFile; fileRef = 60887BF21CA6C0D0000A09F8 /* NotesListVC.xib */; };
		60887BF81CA6C1B9000A09F8 /* NoteTVC.m in Sources */ = {isa = PBXBuildFile; fileRef = 60887BF61CA6C1B9000A09F8 /* NoteTVC.m */; };
		60887BF91CA6C1B9000A09F8 /* NoteTVC.xib in Resources */ = {isa = PBXBuildFile; fileRef = 60887BF71CA6C1B9000A09F8 /* NoteTVC.xib */; };
		60887BFB1CA6C67F000A09F8 /* SingleNoteVC.xib in Resources */ = {isa = PBXBuildFile; fileRef = 60887BFA1CA6C67F000A09F8 /* SingleNoteVC.xib */; };
		60887BFF1CA6C80D000A09F8 /* EditNoteVC.m in Sources */ = {isa = PBXBuildFile; fileRef = 60887BFD1CA6C80D000A09F8 /* EditNoteVC.m */; };
		60887C001CA6C80D000A09F8 /* EditNoteVC.xib in Resources */ = {isa = PBXBuildFile; fileRef = 60887BFE1CA6C80D000A09F8 /* EditNoteVC.xib */; };
		60887C091CA6CF39000A09F8 /* Note+CoreDataProperties.m in Sources */ = {isa = PBXBuildFile; fileRef = 60887C021CA6CF39000A09F8 /* Note+CoreDataProperties.m */; };
		60887C0A1CA6CF39000A09F8 /* Note.m in Sources */ = {isa = PBXBuildFile; fileRef = 60887C041CA6CF39000A09F8 /* Note.m */; };
		60887C0B1CA6CF39000A09F8 /* Image+CoreDataProperties.m in Sources */ = {isa = PBXBuildFile; fileRef = 60887C061CA6CF39000A09F8 /* Image+CoreDataProperties.m */; };
		60887C0C1CA6CF39000A09F8 /* Image.m in Sources */ = {isa = PBXBuildFile; fileRef = 60887C081CA6CF39000A09F8 /* Image.m */; };
		84D7D5FC7DECB6FAD9FF9869 /* libPods-SimpleNotes.a in Frameworks */ = {isa = PBXBuildFile; fileRef = 66D47DF9436984FEA67BA1B9 /* libPods-SimpleNotes.a */; };
/* End PBXBuildFile section */

/* Begin PBXFileReference section */
		5B549085CE4D6CA9032C6084 /* Pods-SimpleNotes.debug.xcconfig */ = {isa = PBXFileReference; includeInIndex = 1; lastKnownFileType = text.xcconfig; name = "Pods-SimpleNotes.debug.xcconfig"; path = "Pods/Target Support Files/Pods-SimpleNotes/Pods-SimpleNotes.debug.xcconfig"; sourceTree = "<group>"; };
		607458061CAB68AE006A7574 /* NYTRealPhoto.h */ = {isa = PBXFileReference; fileEncoding = 4; lastKnownFileType = sourcecode.c.h; name = NYTRealPhoto.h; path = Model/NYTRealPhoto.h; sourceTree = "<group>"; };
		607458071CAB68AE006A7574 /* NYTRealPhoto.m */ = {isa = PBXFileReference; fileEncoding = 4; lastKnownFileType = sourcecode.c.objc; name = NYTRealPhoto.m; path = Model/NYTRealPhoto.m; sourceTree = "<group>"; };
		607C4C5F1CA7ACE00036BC82 /* NoteTVCModel.h */ = {isa = PBXFileReference; fileEncoding = 4; lastKnownFileType = sourcecode.c.h; name = NoteTVCModel.h; path = Controllers/NoteTVCModel.h; sourceTree = "<group>"; };
		607C4C601CA7ACE00036BC82 /* NoteTVCModel.m */ = {isa = PBXFileReference; fileEncoding = 4; lastKnownFileType = sourcecode.c.objc; name = NoteTVCModel.m; path = Controllers/NoteTVCModel.m; sourceTree = "<group>"; };
		607C4C641CA7B9C40036BC82 /* UISplitViewController+ChildrenAccess.h */ = {isa = PBXFileReference; fileEncoding = 4; lastKnownFileType = sourcecode.c.h; name = "UISplitViewController+ChildrenAccess.h"; path = "Categories/UISplitViewController+ChildrenAccess.h"; sourceTree = "<group>"; };
		607C4C651CA7B9C40036BC82 /* UISplitViewController+ChildrenAccess.m */ = {isa = PBXFileReference; fileEncoding = 4; lastKnownFileType = sourcecode.c.objc; name = "UISplitViewController+ChildrenAccess.m"; path = "Categories/UISplitViewController+ChildrenAccess.m"; sourceTree = "<group>"; };
		60837E371CA95B4800DC6A94 /* DataManager.h */ = {isa = PBXFileReference; fileEncoding = 4; lastKnownFileType = sourcecode.c.h; name = DataManager.h; path = Controllers/DataManager.h; sourceTree = "<group>"; };
		60837E381CA95B4800DC6A94 /* DataManager.m */ = {isa = PBXFileReference; fileEncoding = 4; lastKnownFileType = sourcecode.c.objc; name = DataManager.m; path = Controllers/DataManager.m; sourceTree = "<group>"; };
		60837E3A1CA96C6D00DC6A94 /* ImageListView.h */ = {isa = PBXFileReference; fileEncoding = 4; lastKnownFileType = sourcecode.c.h; name = ImageListView.h; path = Views/ImageListView.h; sourceTree = "<group>"; };
		60837E3B1CA96C6D00DC6A94 /* ImageListView.m */ = {isa = PBXFileReference; fileEncoding = 4; lastKnownFileType = sourcecode.c.objc; name = ImageListView.m; path = Views/ImageListView.m; sourceTree = "<group>"; };
		60837E3F1CA970D200DC6A94 /* ImageListCell.h */ = {isa = PBXFileReference; fileEncoding = 4; lastKnownFileType = sourcecode.c.h; name = ImageListCell.h; path = Views/ImageListCell.h; sourceTree = "<group>"; };
		60837E401CA970D200DC6A94 /* ImageListCell.m */ = {isa = PBXFileReference; fileEncoding = 4; lastKnownFileType = sourcecode.c.objc; name = ImageListCell.m; path = Views/ImageListCell.m; sourceTree = "<group>"; };
		60837E421CA970E300DC6A94 /* ImageListCell.xib */ = {isa = PBXFileReference; fileEncoding = 4; lastKnownFileType = file.xib; name = ImageListCell.xib; path = Views/ImageListCell.xib; sourceTree = "<group>"; };
		60887BC91CA67FEE000A09F8 /* SimpleNotes.app */ = {isa = PBXFileReference; explicitFileType = wrapper.application; includeInIndex = 0; path = SimpleNotes.app; sourceTree = BUILT_PRODUCTS_DIR; };
		60887BCD1CA67FEE000A09F8 /* main.m */ = {isa = PBXFileReference; lastKnownFileType = sourcecode.c.objc; path = main.m; sourceTree = "<group>"; };
		60887BCF1CA67FEE000A09F8 /* AppDelegate.h */ = {isa = PBXFileReference; lastKnownFileType = sourcecode.c.h; path = AppDelegate.h; sourceTree = "<group>"; };
		60887BD01CA67FEE000A09F8 /* AppDelegate.m */ = {isa = PBXFileReference; lastKnownFileType = sourcecode.c.objc; path = AppDelegate.m; sourceTree = "<group>"; };
		60887BD21CA67FEE000A09F8 /* SingleNoteVC.h */ = {isa = PBXFileReference; lastKnownFileType = sourcecode.c.h; name = SingleNoteVC.h; path = Controllers/SingleNoteVC.h; sourceTree = "<group>"; };
		60887BD31CA67FEE000A09F8 /* SingleNoteVC.m */ = {isa = PBXFileReference; lastKnownFileType = sourcecode.c.objc; name = SingleNoteVC.m; path = Controllers/SingleNoteVC.m; sourceTree = "<group>"; };
		60887BD61CA67FEE000A09F8 /* Base */ = {isa = PBXFileReference; lastKnownFileType = file.storyboard; name = Base; path = Base.lproj/Main.storyboard; sourceTree = "<group>"; };
		60887BDB1CA67FEE000A09F8 /* Assets.xcassets */ = {isa = PBXFileReference; lastKnownFileType = folder.assetcatalog; path = Assets.xcassets; sourceTree = "<group>"; };
		60887BDE1CA67FEE000A09F8 /* Base */ = {isa = PBXFileReference; lastKnownFileType = file.storyboard; name = Base; path = Base.lproj/LaunchScreen.storyboard; sourceTree = "<group>"; };
		60887BE01CA67FEE000A09F8 /* Info.plist */ = {isa = PBXFileReference; lastKnownFileType = text.plist.xml; path = Info.plist; sourceTree = "<group>"; };
		60887BEB1CA68B28000A09F8 /* SimpleNotes.xcdatamodel */ = {isa = PBXFileReference; lastKnownFileType = wrapper.xcdatamodel; path = SimpleNotes.xcdatamodel; sourceTree = "<group>"; };
		60887BF01CA6C0D0000A09F8 /* NotesListVC.h */ = {isa = PBXFileReference; fileEncoding = 4; lastKnownFileType = sourcecode.c.h; name = NotesListVC.h; path = Controllers/NotesListVC.h; sourceTree = "<group>"; };
		60887BF11CA6C0D0000A09F8 /* NotesListVC.m */ = {isa = PBXFileReference; fileEncoding = 4; lastKnownFileType = sourcecode.c.objc; name = NotesListVC.m; path = Controllers/NotesListVC.m; sourceTree = "<group>"; };
		60887BF21CA6C0D0000A09F8 /* NotesListVC.xib */ = {isa = PBXFileReference; fileEncoding = 4; lastKnownFileType = file.xib; name = NotesListVC.xib; path = Controllers/NotesListVC.xib; sourceTree = "<group>"; };
		60887BF51CA6C1B9000A09F8 /* NoteTVC.h */ = {isa = PBXFileReference; fileEncoding = 4; lastKnownFileType = sourcecode.c.h; name = NoteTVC.h; path = Views/NoteTVC.h; sourceTree = "<group>"; };
		60887BF61CA6C1B9000A09F8 /* NoteTVC.m */ = {isa = PBXFileReference; fileEncoding = 4; lastKnownFileType = sourcecode.c.objc; name = NoteTVC.m; path = Views/NoteTVC.m; sourceTree = "<group>"; };
		60887BF71CA6C1B9000A09F8 /* NoteTVC.xib */ = {isa = PBXFileReference; fileEncoding = 4; lastKnownFileType = file.xib; name = NoteTVC.xib; path = Views/NoteTVC.xib; sourceTree = "<group>"; };
		60887BFA1CA6C67F000A09F8 /* SingleNoteVC.xib */ = {isa = PBXFileReference; fileEncoding = 4; lastKnownFileType = file.xib; name = SingleNoteVC.xib; path = Controllers/SingleNoteVC.xib; sourceTree = "<group>"; };
		60887BFC1CA6C80D000A09F8 /* EditNoteVC.h */ = {isa = PBXFileReference; fileEncoding = 4; lastKnownFileType = sourcecode.c.h; name = EditNoteVC.h; path = Controllers/EditNoteVC.h; sourceTree = "<group>"; };
		60887BFD1CA6C80D000A09F8 /* EditNoteVC.m */ = {isa = PBXFileReference; fileEncoding = 4; lastKnownFileType = sourcecode.c.objc; name = EditNoteVC.m; path = Controllers/EditNoteVC.m; sourceTree = "<group>"; };
		60887BFE1CA6C80D000A09F8 /* EditNoteVC.xib */ = {isa = PBXFileReference; fileEncoding = 4; lastKnownFileType = file.xib; name = EditNoteVC.xib; path = Controllers/EditNoteVC.xib; sourceTree = "<group>"; };
		60887C011CA6CF39000A09F8 /* Note+CoreDataProperties.h */ = {isa = PBXFileReference; fileEncoding = 4; lastKnownFileType = sourcecode.c.h; name = "Note+CoreDataProperties.h"; path = "Model/Note+CoreDataProperties.h"; sourceTree = "<group>"; };
		60887C021CA6CF39000A09F8 /* Note+CoreDataProperties.m */ = {isa = PBXFileReference; fileEncoding = 4; lastKnownFileType = sourcecode.c.objc; name = "Note+CoreDataProperties.m"; path = "Model/Note+CoreDataProperties.m"; sourceTree = "<group>"; };
		60887C031CA6CF39000A09F8 /* Note.h */ = {isa = PBXFileReference; fileEncoding = 4; lastKnownFileType = sourcecode.c.h; name = Note.h; path = Model/Note.h; sourceTree = "<group>"; };
		60887C041CA6CF39000A09F8 /* Note.m */ = {isa = PBXFileReference; fileEncoding = 4; lastKnownFileType = sourcecode.c.objc; name = Note.m; path = Model/Note.m; sourceTree = "<group>"; };
		60887C051CA6CF39000A09F8 /* Image+CoreDataProperties.h */ = {isa = PBXFileReference; fileEncoding = 4; lastKnownFileType = sourcecode.c.h; name = "Image+CoreDataProperties.h"; path = "Model/Image+CoreDataProperties.h"; sourceTree = "<group>"; };
		60887C061CA6CF39000A09F8 /* Image+CoreDataProperties.m */ = {isa = PBXFileReference; fileEncoding = 4; lastKnownFileType = sourcecode.c.objc; name = "Image+CoreDataProperties.m"; path = "Model/Image+CoreDataProperties.m"; sourceTree = "<group>"; };
		60887C071CA6CF39000A09F8 /* Image.h */ = {isa = PBXFileReference; fileEncoding = 4; lastKnownFileType = sourcecode.c.h; name = Image.h; path = Model/Image.h; sourceTree = "<group>"; };
		60887C081CA6CF39000A09F8 /* Image.m */ = {isa = PBXFileReference; fileEncoding = 4; lastKnownFileType = sourcecode.c.objc; name = Image.m; path = Model/Image.m; sourceTree = "<group>"; };
		66D47DF9436984FEA67BA1B9 /* libPods-SimpleNotes.a */ = {isa = PBXFileReference; explicitFileType = archive.ar; includeInIndex = 0; path = "libPods-SimpleNotes.a"; sourceTree = BUILT_PRODUCTS_DIR; };
		E9499C00A46D8EF02D5225AF /* Pods-SimpleNotes.release.xcconfig */ = {isa = PBXFileReference; includeInIndex = 1; lastKnownFileType = text.xcconfig; name = "Pods-SimpleNotes.release.xcconfig"; path = "Pods/Target Support Files/Pods-SimpleNotes/Pods-SimpleNotes.release.xcconfig"; sourceTree = "<group>"; };
/* End PBXFileReference section */

/* Begin PBXFrameworksBuildPhase section */
		60887BC61CA67FEE000A09F8 /* Frameworks */ = {
			isa = PBXFrameworksBuildPhase;
			buildActionMask = 2147483647;
			files = (
				84D7D5FC7DECB6FAD9FF9869 /* libPods-SimpleNotes.a in Frameworks */,
			);
			runOnlyForDeploymentPostprocessing = 0;
		};
/* End PBXFrameworksBuildPhase section */

/* Begin PBXGroup section */
		607C4C5C1CA7AC3A0036BC82 /* SingleNote */ = {
			isa = PBXGroup;
			children = (
				60887BD21CA67FEE000A09F8 /* SingleNoteVC.h */,
				60887BD31CA67FEE000A09F8 /* SingleNoteVC.m */,
				60887BFA1CA6C67F000A09F8 /* SingleNoteVC.xib */,
			);
			name = SingleNote;
			sourceTree = "<group>";
		};
		607C4C5D1CA7AC430036BC82 /* NotesList */ = {
			isa = PBXGroup;
			children = (
				60887BF01CA6C0D0000A09F8 /* NotesListVC.h */,
				60887BF11CA6C0D0000A09F8 /* NotesListVC.m */,
				60887BF21CA6C0D0000A09F8 /* NotesListVC.xib */,
				607C4C5F1CA7ACE00036BC82 /* NoteTVCModel.h */,
				607C4C601CA7ACE00036BC82 /* NoteTVCModel.m */,
			);
			name = NotesList;
			sourceTree = "<group>";
		};
		607C4C5E1CA7AC4B0036BC82 /* EditNote */ = {
			isa = PBXGroup;
			children = (
				60887BFC1CA6C80D000A09F8 /* EditNoteVC.h */,
				60887BFD1CA6C80D000A09F8 /* EditNoteVC.m */,
				60887BFE1CA6C80D000A09F8 /* EditNoteVC.xib */,
			);
			name = EditNote;
			sourceTree = "<group>";
		};
		607C4C631CA7B9760036BC82 /* Categories */ = {
			isa = PBXGroup;
			children = (
				607C4C641CA7B9C40036BC82 /* UISplitViewController+ChildrenAccess.h */,
				607C4C651CA7B9C40036BC82 /* UISplitViewController+ChildrenAccess.m */,
			);
			name = Categories;
			sourceTree = "<group>";
		};
		60837E3D1CA96C7300DC6A94 /* ImageListView */ = {
			isa = PBXGroup;
			children = (
				60837E3A1CA96C6D00DC6A94 /* ImageListView.h */,
				60837E3B1CA96C6D00DC6A94 /* ImageListView.m */,
				60837E3F1CA970D200DC6A94 /* ImageListCell.h */,
				60837E401CA970D200DC6A94 /* ImageListCell.m */,
				60837E421CA970E300DC6A94 /* ImageListCell.xib */,
			);
			name = ImageListView;
			sourceTree = "<group>";
		};
		60837E441CA980FF00DC6A94 /* NoteTVC */ = {
			isa = PBXGroup;
			children = (
				60887BF51CA6C1B9000A09F8 /* NoteTVC.h */,
				60887BF61CA6C1B9000A09F8 /* NoteTVC.m */,
				60887BF71CA6C1B9000A09F8 /* NoteTVC.xib */,
			);
			name = NoteTVC;
			sourceTree = "<group>";
		};
		60887BC01CA67FEE000A09F8 = {
			isa = PBXGroup;
			children = (
				60887BCB1CA67FEE000A09F8 /* SimpleNotes */,
				60887BCA1CA67FEE000A09F8 /* Products */,
				FEF6AEF2D7018894DA097AB4 /* Pods */,
				B5E54CB192FA179F717488B1 /* Frameworks */,
			);
			sourceTree = "<group>";
		};
		60887BCA1CA67FEE000A09F8 /* Products */ = {
			isa = PBXGroup;
			children = (
				60887BC91CA67FEE000A09F8 /* SimpleNotes.app */,
			);
			name = Products;
			sourceTree = "<group>";
		};
		60887BCB1CA67FEE000A09F8 /* SimpleNotes */ = {
			isa = PBXGroup;
			children = (
				607C4C631CA7B9760036BC82 /* Categories */,
				60887BE61CA687C3000A09F8 /* Model */,
				60887BE71CA687CA000A09F8 /* Views */,
				60887BE81CA687D0000A09F8 /* Controllers */,
				60887BE91CA687E4000A09F8 /* Resources */,
				60887BCC1CA67FEE000A09F8 /* Supporting Files */,
			);
			path = SimpleNotes;
			sourceTree = "<group>";
		};
		60887BCC1CA67FEE000A09F8 /* Supporting Files */ = {
			isa = PBXGroup;
			children = (
				60887BCF1CA67FEE000A09F8 /* AppDelegate.h */,
				60887BD01CA67FEE000A09F8 /* AppDelegate.m */,
				60887BE01CA67FEE000A09F8 /* Info.plist */,
				60887BCD1CA67FEE000A09F8 /* main.m */,
			);
			name = "Supporting Files";
			sourceTree = "<group>";
		};
		60887BE61CA687C3000A09F8 /* Model */ = {
			isa = PBXGroup;
			children = (
				607458061CAB68AE006A7574 /* NYTRealPhoto.h */,
				607458071CAB68AE006A7574 /* NYTRealPhoto.m */,
				60887C0E1CA6CF4E000A09F8 /* Image */,
				60887C0D1CA6CF45000A09F8 /* Note */,
				60887BEA1CA68B28000A09F8 /* SimpleNotes.xcdatamodeld */,
			);
			name = Model;
			sourceTree = "<group>";
		};
		60887BE71CA687CA000A09F8 /* Views */ = {
			isa = PBXGroup;
			children = (
				60837E441CA980FF00DC6A94 /* NoteTVC */,
				60837E3D1CA96C7300DC6A94 /* ImageListView */,
			);
			name = Views;
			sourceTree = "<group>";
		};
		60887BE81CA687D0000A09F8 /* Controllers */ = {
			isa = PBXGroup;
			children = (
				60837E371CA95B4800DC6A94 /* DataManager.h */,
				60837E381CA95B4800DC6A94 /* DataManager.m */,
				607C4C5D1CA7AC430036BC82 /* NotesList */,
				607C4C5C1CA7AC3A0036BC82 /* SingleNote */,
				607C4C5E1CA7AC4B0036BC82 /* EditNote */,
			);
			name = Controllers;
			sourceTree = "<group>";
		};
		60887BE91CA687E4000A09F8 /* Resources */ = {
			isa = PBXGroup;
			children = (
				60887BD51CA67FEE000A09F8 /* Main.storyboard */,
				60887BDD1CA67FEE000A09F8 /* LaunchScreen.storyboard */,
				60887BDB1CA67FEE000A09F8 /* Assets.xcassets */,
			);
			name = Resources;
			sourceTree = "<group>";
		};
		60887C0D1CA6CF45000A09F8 /* Note */ = {
			isa = PBXGroup;
			children = (
				60887C011CA6CF39000A09F8 /* Note+CoreDataProperties.h */,
				60887C021CA6CF39000A09F8 /* Note+CoreDataProperties.m */,
				60887C031CA6CF39000A09F8 /* Note.h */,
				60887C041CA6CF39000A09F8 /* Note.m */,
			);
			name = Note;
			sourceTree = "<group>";
		};
		60887C0E1CA6CF4E000A09F8 /* Image */ = {
			isa = PBXGroup;
			children = (
				60887C051CA6CF39000A09F8 /* Image+CoreDataProperties.h */,
				60887C061CA6CF39000A09F8 /* Image+CoreDataProperties.m */,
				60887C071CA6CF39000A09F8 /* Image.h */,
				60887C081CA6CF39000A09F8 /* Image.m */,
			);
			name = Image;
			sourceTree = "<group>";
		};
		B5E54CB192FA179F717488B1 /* Frameworks */ = {
			isa = PBXGroup;
			children = (
				66D47DF9436984FEA67BA1B9 /* libPods-SimpleNotes.a */,
			);
			name = Frameworks;
			sourceTree = "<group>";
		};
		FEF6AEF2D7018894DA097AB4 /* Pods */ = {
			isa = PBXGroup;
			children = (
				5B549085CE4D6CA9032C6084 /* Pods-SimpleNotes.debug.xcconfig */,
				E9499C00A46D8EF02D5225AF /* Pods-SimpleNotes.release.xcconfig */,
			);
			name = Pods;
			sourceTree = "<group>";
		};
/* End PBXGroup section */

/* Begin PBXNativeTarget section */
		60887BC81CA67FEE000A09F8 /* SimpleNotes */ = {
			isa = PBXNativeTarget;
			buildConfigurationList = 60887BE31CA67FEE000A09F8 /* Build configuration list for PBXNativeTarget "SimpleNotes" */;
			buildPhases = (
				E5077671D3A3DAB615E02189 /* Check Pods Manifest.lock */,
				60887BC51CA67FEE000A09F8 /* Sources */,
				60887BC61CA67FEE000A09F8 /* Frameworks */,
				60887BC71CA67FEE000A09F8 /* Resources */,
				DD93735E273452C6AFC33DCC /* Embed Pods Frameworks */,
				39BEAF67998F26E886E0D1AE /* Copy Pods Resources */,
			);
			buildRules = (
			);
			dependencies = (
			);
			name = SimpleNotes;
			productName = SimpleNotes;
			productReference = 60887BC91CA67FEE000A09F8 /* SimpleNotes.app */;
			productType = "com.apple.product-type.application";
		};
/* End PBXNativeTarget section */

/* Begin PBXProject section */
		60887BC11CA67FEE000A09F8 /* Project object */ = {
			isa = PBXProject;
			attributes = {
				LastUpgradeCheck = 0730;
				ORGANIZATIONNAME = "Oleg Sannikov";
				TargetAttributes = {
					60887BC81CA67FEE000A09F8 = {
						CreatedOnToolsVersion = 7.3;
					};
				};
			};
			buildConfigurationList = 60887BC41CA67FEE000A09F8 /* Build configuration list for PBXProject "SimpleNotes" */;
			compatibilityVersion = "Xcode 3.2";
			developmentRegion = English;
			hasScannedForEncodings = 0;
			knownRegions = (
				en,
				Base,
			);
			mainGroup = 60887BC01CA67FEE000A09F8;
			productRefGroup = 60887BCA1CA67FEE000A09F8 /* Products */;
			projectDirPath = "";
			projectRoot = "";
			targets = (
				60887BC81CA67FEE000A09F8 /* SimpleNotes */,
			);
		};
/* End PBXProject section */

/* Begin PBXResourcesBuildPhase section */
		60887BC71CA67FEE000A09F8 /* Resources */ = {
			isa = PBXResourcesBuildPhase;
			buildActionMask = 2147483647;
			files = (
				60887BF91CA6C1B9000A09F8 /* NoteTVC.xib in Resources */,
				60837E431CA970E300DC6A94 /* ImageListCell.xib in Resources */,
				60887C001CA6C80D000A09F8 /* EditNoteVC.xib in Resources */,
				60887BDF1CA67FEE000A09F8 /* LaunchScreen.storyboard in Resources */,
				60887BFB1CA6C67F000A09F8 /* SingleNoteVC.xib in Resources */,
				60887BDC1CA67FEE000A09F8 /* Assets.xcassets in Resources */,
				60887BF41CA6C0D0000A09F8 /* NotesListVC.xib in Resources */,
				60887BD71CA67FEE000A09F8 /* Main.storyboard in Resources */,
			);
			runOnlyForDeploymentPostprocessing = 0;
		};
/* End PBXResourcesBuildPhase section */

/* Begin PBXShellScriptBuildPhase section */
		39BEAF67998F26E886E0D1AE /* Copy Pods Resources */ = {
			isa = PBXShellScriptBuildPhase;
			buildActionMask = 2147483647;
			files = (
			);
			inputPaths = (
			);
			name = "Copy Pods Resources";
			outputPaths = (
			);
			runOnlyForDeploymentPostprocessing = 0;
			shellPath = /bin/sh;
			shellScript = "\"${SRCROOT}/Pods/Target Support Files/Pods-SimpleNotes/Pods-SimpleNotes-resources.sh\"\n";
			showEnvVarsInLog = 0;
		};
		DD93735E273452C6AFC33DCC /* Embed Pods Frameworks */ = {
			isa = PBXShellScriptBuildPhase;
			buildActionMask = 2147483647;
			files = (
			);
			inputPaths = (
			);
			name = "Embed Pods Frameworks";
			outputPaths = (
			);
			runOnlyForDeploymentPostprocessing = 0;
			shellPath = /bin/sh;
			shellScript = "\"${SRCROOT}/Pods/Target Support Files/Pods-SimpleNotes/Pods-SimpleNotes-frameworks.sh\"\n";
			showEnvVarsInLog = 0;
		};
		E5077671D3A3DAB615E02189 /* Check Pods Manifest.lock */ = {
			isa = PBXShellScriptBuildPhase;
			buildActionMask = 2147483647;
			files = (
			);
			inputPaths = (
			);
			name = "Check Pods Manifest.lock";
			outputPaths = (
			);
			runOnlyForDeploymentPostprocessing = 0;
			shellPath = /bin/sh;
			shellScript = "diff \"${PODS_ROOT}/../Podfile.lock\" \"${PODS_ROOT}/Manifest.lock\" > /dev/null\nif [[ $? != 0 ]] ; then\n    cat << EOM\nerror: The sandbox is not in sync with the Podfile.lock. Run 'pod install' or update your CocoaPods installation.\nEOM\n    exit 1\nfi\n";
			showEnvVarsInLog = 0;
		};
/* End PBXShellScriptBuildPhase section */

/* Begin PBXSourcesBuildPhase section */
		60887BC51CA67FEE000A09F8 /* Sources */ = {
			isa = PBXSourcesBuildPhase;
			buildActionMask = 2147483647;
			files = (
				60887C0C1CA6CF39000A09F8 /* Image.m in Sources */,
				607C4C611CA7ACE00036BC82 /* NoteTVCModel.m in Sources */,
				60887C0A1CA6CF39000A09F8 /* Note.m in Sources */,
				60887BD41CA67FEE000A09F8 /* SingleNoteVC.m in Sources */,
				60887BF81CA6C1B9000A09F8 /* NoteTVC.m in Sources */,
				60887BFF1CA6C80D000A09F8 /* EditNoteVC.m in Sources */,
				60837E3C1CA96C6D00DC6A94 /* ImageListView.m in Sources */,
				60887BD11CA67FEE000A09F8 /* AppDelegate.m in Sources */,
				607C4C661CA7B9C40036BC82 /* UISplitViewController+ChildrenAccess.m in Sources */,
				60837E411CA970D200DC6A94 /* ImageListCell.m in Sources */,
				60887C0B1CA6CF39000A09F8 /* Image+CoreDataProperties.m in Sources */,
				60837E391CA95B4800DC6A94 /* DataManager.m in Sources */,
				60887BCE1CA67FEE000A09F8 /* main.m in Sources */,
				60887C091CA6CF39000A09F8 /* Note+CoreDataProperties.m in Sources */,
				607458081CAB68AE006A7574 /* NYTRealPhoto.m in Sources */,
				60887BEC1CA68B28000A09F8 /* SimpleNotes.xcdatamodeld in Sources */,
				60887BF31CA6C0D0000A09F8 /* NotesListVC.m in Sources */,
			);
			runOnlyForDeploymentPostprocessing = 0;
		};
/* End PBXSourcesBuildPhase section */

/* Begin PBXVariantGroup section */
		60887BD51CA67FEE000A09F8 /* Main.storyboard */ = {
			isa = PBXVariantGroup;
			children = (
				60887BD61CA67FEE000A09F8 /* Base */,
			);
			name = Main.storyboard;
			sourceTree = "<group>";
		};
		60887BDD1CA67FEE000A09F8 /* LaunchScreen.storyboard */ = {
			isa = PBXVariantGroup;
			children = (
				60887BDE1CA67FEE000A09F8 /* Base */,
			);
			name = LaunchScreen.storyboard;
			sourceTree = "<group>";
		};
/* End PBXVariantGroup section */

/* Begin XCBuildConfiguration section */
		60887BE11CA67FEE000A09F8 /* Debug */ = {
			isa = XCBuildConfiguration;
			buildSettings = {
				ALWAYS_SEARCH_USER_PATHS = NO;
				CLANG_ANALYZER_NONNULL = YES;
				CLANG_CXX_LANGUAGE_STANDARD = "gnu++0x";
				CLANG_CXX_LIBRARY = "libc++";
				CLANG_ENABLE_MODULES = YES;
				CLANG_ENABLE_OBJC_ARC = YES;
				CLANG_WARN_BOOL_CONVERSION = YES;
				CLANG_WARN_CONSTANT_CONVERSION = YES;
				CLANG_WARN_DIRECT_OBJC_ISA_USAGE = YES_ERROR;
				CLANG_WARN_EMPTY_BODY = YES;
				CLANG_WARN_ENUM_CONVERSION = YES;
				CLANG_WARN_INT_CONVERSION = YES;
				CLANG_WARN_OBJC_ROOT_CLASS = YES_ERROR;
				CLANG_WARN_UNREACHABLE_CODE = YES;
				CLANG_WARN__DUPLICATE_METHOD_MATCH = YES;
				"CODE_SIGN_IDENTITY[sdk=iphoneos*]" = "iPhone Developer";
				COPY_PHASE_STRIP = NO;
				DEBUG_INFORMATION_FORMAT = dwarf;
				ENABLE_STRICT_OBJC_MSGSEND = YES;
				ENABLE_TESTABILITY = YES;
				GCC_C_LANGUAGE_STANDARD = gnu99;
				GCC_DYNAMIC_NO_PIC = NO;
				GCC_NO_COMMON_BLOCKS = YES;
				GCC_OPTIMIZATION_LEVEL = 0;
				GCC_PREPROCESSOR_DEFINITIONS = (
					"DEBUG=1",
					"$(inherited)",
				);
				GCC_WARN_64_TO_32_BIT_CONVERSION = YES;
				GCC_WARN_ABOUT_RETURN_TYPE = YES_ERROR;
				GCC_WARN_UNDECLARED_SELECTOR = YES;
				GCC_WARN_UNINITIALIZED_AUTOS = YES_AGGRESSIVE;
				GCC_WARN_UNUSED_FUNCTION = YES;
				GCC_WARN_UNUSED_VARIABLE = YES;
				IPHONEOS_DEPLOYMENT_TARGET = 8.0;
				MTL_ENABLE_DEBUG_INFO = YES;
				ONLY_ACTIVE_ARCH = YES;
				SDKROOT = iphoneos;
				TARGETED_DEVICE_FAMILY = "1,2";
			};
			name = Debug;
		};
		60887BE21CA67FEE000A09F8 /* Release */ = {
			isa = XCBuildConfiguration;
			buildSettings = {
				ALWAYS_SEARCH_USER_PATHS = NO;
				CLANG_ANALYZER_NONNULL = YES;
				CLANG_CXX_LANGUAGE_STANDARD = "gnu++0x";
				CLANG_CXX_LIBRARY = "libc++";
				CLANG_ENABLE_MODULES = YES;
				CLANG_ENABLE_OBJC_ARC = YES;
				CLANG_WARN_BOOL_CONVERSION = YES;
				CLANG_WARN_CONSTANT_CONVERSION = YES;
				CLANG_WARN_DIRECT_OBJC_ISA_USAGE = YES_ERROR;
				CLANG_WARN_EMPTY_BODY = YES;
				CLANG_WARN_ENUM_CONVERSION = YES;
				CLANG_WARN_INT_CONVERSION = YES;
				CLANG_WARN_OBJC_ROOT_CLASS = YES_ERROR;
				CLANG_WARN_UNREACHABLE_CODE = YES;
				CLANG_WARN__DUPLICATE_METHOD_MATCH = YES;
				"CODE_SIGN_IDENTITY[sdk=iphoneos*]" = "iPhone Developer";
				COPY_PHASE_STRIP = NO;
				DEBUG_INFORMATION_FORMAT = "dwarf-with-dsym";
				ENABLE_NS_ASSERTIONS = NO;
				ENABLE_STRICT_OBJC_MSGSEND = YES;
				GCC_C_LANGUAGE_STANDARD = gnu99;
				GCC_NO_COMMON_BLOCKS = YES;
				GCC_WARN_64_TO_32_BIT_CONVERSION = YES;
				GCC_WARN_ABOUT_RETURN_TYPE = YES_ERROR;
				GCC_WARN_UNDECLARED_SELECTOR = YES;
				GCC_WARN_UNINITIALIZED_AUTOS = YES_AGGRESSIVE;
				GCC_WARN_UNUSED_FUNCTION = YES;
				GCC_WARN_UNUSED_VARIABLE = YES;
				IPHONEOS_DEPLOYMENT_TARGET = 8.0;
				MTL_ENABLE_DEBUG_INFO = NO;
				SDKROOT = iphoneos;
				TARGETED_DEVICE_FAMILY = "1,2";
				VALIDATE_PRODUCT = YES;
			};
			name = Release;
		};
		60887BE41CA67FEE000A09F8 /* Debug */ = {
			isa = XCBuildConfiguration;
			baseConfigurationReference = 5B549085CE4D6CA9032C6084 /* Pods-SimpleNotes.debug.xcconfig */;
			buildSettings = {
				ASSETCATALOG_COMPILER_APPICON_NAME = AppIcon;
				INFOPLIST_FILE = SimpleNotes/Info.plist;
				IPHONEOS_DEPLOYMENT_TARGET = 8.0;
				LD_RUNPATH_SEARCH_PATHS = "$(inherited) @executable_path/Frameworks";
				PRODUCT_BUNDLE_IDENTIFIER = none.SimpleNotes;
				PRODUCT_NAME = "$(TARGET_NAME)";
			};
			name = Debug;
		};
		60887BE51CA67FEE000A09F8 /* Release */ = {
			isa = XCBuildConfiguration;
			baseConfigurationReference = E9499C00A46D8EF02D5225AF /* Pods-SimpleNotes.release.xcconfig */;
			buildSettings = {
				ASSETCATALOG_COMPILER_APPICON_NAME = AppIcon;
				INFOPLIST_FILE = SimpleNotes/Info.plist;
				IPHONEOS_DEPLOYMENT_TARGET = 8.0;
				LD_RUNPATH_SEARCH_PATHS = "$(inherited) @executable_path/Frameworks";
				PRODUCT_BUNDLE_IDENTIFIER = none.SimpleNotes;
				PRODUCT_NAME = "$(TARGET_NAME)";
			};
			name = Release;
		};
/* End XCBuildConfiguration section */

/* Begin XCConfigurationList section */
		60887BC41CA67FEE000A09F8 /* Build configuration list for PBXProject "SimpleNotes" */ = {
			isa = XCConfigurationList;
			buildConfigurations = (
				60887BE11CA67FEE000A09F8 /* Debug */,
				60887BE21CA67FEE000A09F8 /* Release */,
			);
			defaultConfigurationIsVisible = 0;
			defaultConfigurationName = Release;
		};
		60887BE31CA67FEE000A09F8 /* Build configuration list for PBXNativeTarget "SimpleNotes" */ = {
			isa = XCConfigurationList;
			buildConfigurations = (
				60887BE41CA67FEE000A09F8 /* Debug */,
				60887BE51CA67FEE000A09F8 /* Release */,
			);
			defaultConfigurationIsVisible = 0;
			defaultConfigurationName = Release;
		};
/* End XCConfigurationList section */

/* Begin XCVersionGroup section */
		60887BEA1CA68B28000A09F8 /* SimpleNotes.xcdatamodeld */ = {
			isa = XCVersionGroup;
			children = (
				60887BEB1CA68B28000A09F8 /* SimpleNotes.xcdatamodel */,
			);
			currentVersion = 60887BEB1CA68B28000A09F8 /* SimpleNotes.xcdatamodel */;
			name = SimpleNotes.xcdatamodeld;
			path = Model/SimpleNotes.xcdatamodeld;
			sourceTree = "<group>";
			versionGroupType = wrapper.xcdatamodel;
		};
/* End XCVersionGroup section */
	};
	rootObject = 60887BC11CA67FEE000A09F8 /* Project object */;
}
